Microsoft Visual Studio Solution File, Format Version 11.00
# Visual Studio 2008

Project("{65F83AAC-C62A-AEFE-A49E-D4AD8B11C246}") = "BattleOfCreation", "Assembly-CSharp.csproj", "{14B3A6CE-2D7C-FAF1-C5A1-EDE2CE9AC0D0}"
EndProject
Global
	GlobalSection(SolutionConfigurationPlatforms) = preSolution
		Debug|Any CPU = Debug|Any CPU
		Release|Any CPU = Release|Any CPU
	EndGlobalSection
	GlobalSection(ProjectConfigurationPlatforms) = postSolution
		{14B3A6CE-2D7C-FAF1-C5A1-EDE2CE9AC0D0}.Debug|Any CPU.ActiveCfg = Debug|Any CPU
		{14B3A6CE-2D7C-FAF1-C5A1-EDE2CE9AC0D0}.Debug|Any CPU.Build.0 = Debug|Any CPU
		{14B3A6CE-2D7C-FAF1-C5A1-EDE2CE9AC0D0}.Release|Any CPU.ActiveCfg = Release|Any CPU
		{14B3A6CE-2D7C-FAF1-C5A1-EDE2CE9AC0D0}.Release|Any CPU.Build.0 = Release|Any CPU
	EndGlobalSection
	GlobalSection(SolutionProperties) = preSolution
		HideSolutionNode = FALSE
	EndGlobalSection
	GlobalSection(MonoDevelopProperties) = preSolution
		StartupItem = Assembly-CSharp.csproj
	EndGlobalSection
EndGlobal
