Microsoft Visual Studio Solution File, Format Version 11.00
# Visual Studio 2008

Project("{4FA6963E-E00B-629B-0279-0F939C2CE191}") = "colorArtist-Projeto", "Assembly-CSharp.csproj", "{5473C742-7777-588F-B016-AD55E1764C71}"
EndProject
Global
	GlobalSection(SolutionConfigurationPlatforms) = preSolution
		Debug|Any CPU = Debug|Any CPU
		Release|Any CPU = Release|Any CPU
	EndGlobalSection
	GlobalSection(ProjectConfigurationPlatforms) = postSolution
		{5473C742-7777-588F-B016-AD55E1764C71}.Debug|Any CPU.ActiveCfg = Debug|Any CPU
		{5473C742-7777-588F-B016-AD55E1764C71}.Debug|Any CPU.Build.0 = Debug|Any CPU
		{5473C742-7777-588F-B016-AD55E1764C71}.Release|Any CPU.ActiveCfg = Release|Any CPU
		{5473C742-7777-588F-B016-AD55E1764C71}.Release|Any CPU.Build.0 = Release|Any CPU
	EndGlobalSection
	GlobalSection(SolutionProperties) = preSolution
		HideSolutionNode = FALSE
	EndGlobalSection
	GlobalSection(MonoDevelopProperties) = preSolution
		StartupItem = Assembly-CSharp.csproj
	EndGlobalSection
EndGlobal
