Microsoft Visual Studio Solution File, Format Version 11.00
# Visual Studio 2008

Project("{E2ADE53D-67B5-97ED-E2AB-31B22D5FAEC8}") = "ColorArtistProject", "Assembly-CSharp.csproj", "{793833BD-E931-6A0A-6955-9C92C110A564}"
EndProject
Global
	GlobalSection(SolutionConfigurationPlatforms) = preSolution
		Debug|Any CPU = Debug|Any CPU
		Release|Any CPU = Release|Any CPU
	EndGlobalSection
	GlobalSection(ProjectConfigurationPlatforms) = postSolution
		{793833BD-E931-6A0A-6955-9C92C110A564}.Debug|Any CPU.ActiveCfg = Debug|Any CPU
		{793833BD-E931-6A0A-6955-9C92C110A564}.Debug|Any CPU.Build.0 = Debug|Any CPU
		{793833BD-E931-6A0A-6955-9C92C110A564}.Release|Any CPU.ActiveCfg = Release|Any CPU
		{793833BD-E931-6A0A-6955-9C92C110A564}.Release|Any CPU.Build.0 = Release|Any CPU
	EndGlobalSection
	GlobalSection(SolutionProperties) = preSolution
		HideSolutionNode = FALSE
	EndGlobalSection
	GlobalSection(MonoDevelopProperties) = preSolution
		StartupItem = Assembly-CSharp.csproj
	EndGlobalSection
EndGlobal
