Microsoft Visual Studio Solution File, Format Version 11.00
# Visual Studio 2008

Project("{992735E9-0FA4-E2E7-7EE0-8E92C5552C74}") = "colorartistrepo", "Assembly-CSharp.csproj", "{B7EA159D-DEE4-A71B-6B4D-ECAD55BACB85}"
EndProject
Global
	GlobalSection(SolutionConfigurationPlatforms) = preSolution
		Debug|Any CPU = Debug|Any CPU
		Release|Any CPU = Release|Any CPU
	EndGlobalSection
	GlobalSection(ProjectConfigurationPlatforms) = postSolution
		{B7EA159D-DEE4-A71B-6B4D-ECAD55BACB85}.Debug|Any CPU.ActiveCfg = Debug|Any CPU
		{B7EA159D-DEE4-A71B-6B4D-ECAD55BACB85}.Debug|Any CPU.Build.0 = Debug|Any CPU
		{B7EA159D-DEE4-A71B-6B4D-ECAD55BACB85}.Release|Any CPU.ActiveCfg = Release|Any CPU
		{B7EA159D-DEE4-A71B-6B4D-ECAD55BACB85}.Release|Any CPU.Build.0 = Release|Any CPU
	EndGlobalSection
	GlobalSection(SolutionProperties) = preSolution
		HideSolutionNode = FALSE
	EndGlobalSection
	GlobalSection(MonoDevelopProperties) = preSolution
		StartupItem = Assembly-CSharp.csproj
	EndGlobalSection
EndGlobal
